
Microsoft Visual Studio Solution File, Format Version 12.00
# Visual Studio 2013
VisualStudioVersion = 12.0.40629.0
MinimumVisualStudioVersion = 10.0.40219.1
Project("{2150E333-8FDC-42A3-9474-1A3956D46DE8}") = "1 - Camada de Acesso a Dados", "1 - Camada de Acesso a Dados", "{A2E5055C-2BD0-4AFE-86B2-46BD6C2DE020}"
EndProject
Project("{FAE04EC0-301F-11D3-BF4B-00C04F79EFBC}") = "Projeto.DAL", "Projeto.DAL\Projeto.DAL.csproj", "{D5F5854C-E11A-4C98-BD6B-E7904FF83B05}"
EndProject
Project("{2150E333-8FDC-42A3-9474-1A3956D46DE8}") = "2 - Camada de Apresentação", "2 - Camada de Apresentação", "{D19BDE58-9AFD-4ED4-BC08-09ADDD86169F}"
EndProject
Project("{FAE04EC0-301F-11D3-BF4B-00C04F79EFBC}") = "Projeto.Web", "Projeto.Web\Projeto.Web.csproj", "{C477F19F-ACEC-44CB-9872-B6CC6221EB14}"
EndProject
Global
	GlobalSection(SolutionConfigurationPlatforms) = preSolution
		Debug|Any CPU = Debug|Any CPU
		Release|Any CPU = Release|Any CPU
	EndGlobalSection
	GlobalSection(ProjectConfigurationPlatforms) = postSolution
		{D5F5854C-E11A-4C98-BD6B-E7904FF83B05}.Debug|Any CPU.ActiveCfg = Debug|Any CPU
		{D5F5854C-E11A-4C98-BD6B-E7904FF83B05}.Debug|Any CPU.Build.0 = Debug|Any CPU
		{D5F5854C-E11A-4C98-BD6B-E7904FF83B05}.Release|Any CPU.ActiveCfg = Release|Any CPU
		{D5F5854C-E11A-4C98-BD6B-E7904FF83B05}.Release|Any CPU.Build.0 = Release|Any CPU
		{C477F19F-ACEC-44CB-9872-B6CC6221EB14}.Debug|Any CPU.ActiveCfg = Debug|Any CPU
		{C477F19F-ACEC-44CB-9872-B6CC6221EB14}.Debug|Any CPU.Build.0 = Debug|Any CPU
		{C477F19F-ACEC-44CB-9872-B6CC6221EB14}.Release|Any CPU.ActiveCfg = Release|Any CPU
		{C477F19F-ACEC-44CB-9872-B6CC6221EB14}.Release|Any CPU.Build.0 = Release|Any CPU
	EndGlobalSection
	GlobalSection(SolutionProperties) = preSolution
		HideSolutionNode = FALSE
	EndGlobalSection
	GlobalSection(NestedProjects) = preSolution
		{D5F5854C-E11A-4C98-BD6B-E7904FF83B05} = {A2E5055C-2BD0-4AFE-86B2-46BD6C2DE020}
		{C477F19F-ACEC-44CB-9872-B6CC6221EB14} = {D19BDE58-9AFD-4ED4-BC08-09ADDD86169F}
	EndGlobalSection
EndGlobal
